
Microsoft Visual Studio Solution File, Format Version 12.00
# Visual Studio 15
VisualStudioVersion = 15.0.26730.3
MinimumVisualStudioVersion = 10.0.40219.1
Project("{FAE04EC0-301F-11D3-BF4B-00C04F79EFBC}") = "SubstationLSE", "SubstationLSE\SubstationLSE.csproj", "{83AB10F3-37D1-484F-9BA1-284920D119BE}"
EndProject
Project("{FAE04EC0-301F-11D3-BF4B-00C04F79EFBC}") = "SLESGui", "SLESGui\SLESGui.csproj", "{CF48CE13-1084-4418-A5AC-5FA08ED4EC15}"
	ProjectSection(ProjectDependencies) = postProject
		{83AB10F3-37D1-484F-9BA1-284920D119BE} = {83AB10F3-37D1-484F-9BA1-284920D119BE}
	EndProjectSection
EndProject
Global
	GlobalSection(SolutionConfigurationPlatforms) = preSolution
		Debug|Any CPU = Debug|Any CPU
		Release|Any CPU = Release|Any CPU
	EndGlobalSection
	GlobalSection(ProjectConfigurationPlatforms) = postSolution
		{83AB10F3-37D1-484F-9BA1-284920D119BE}.Debug|Any CPU.ActiveCfg = Debug|Any CPU
		{83AB10F3-37D1-484F-9BA1-284920D119BE}.Debug|Any CPU.Build.0 = Debug|Any CPU
		{83AB10F3-37D1-484F-9BA1-284920D119BE}.Release|Any CPU.ActiveCfg = Release|Any CPU
		{83AB10F3-37D1-484F-9BA1-284920D119BE}.Release|Any CPU.Build.0 = Release|Any CPU
		{CF48CE13-1084-4418-A5AC-5FA08ED4EC15}.Debug|Any CPU.ActiveCfg = Debug|Any CPU
		{CF48CE13-1084-4418-A5AC-5FA08ED4EC15}.Debug|Any CPU.Build.0 = Debug|Any CPU
		{CF48CE13-1084-4418-A5AC-5FA08ED4EC15}.Release|Any CPU.ActiveCfg = Release|Any CPU
		{CF48CE13-1084-4418-A5AC-5FA08ED4EC15}.Release|Any CPU.Build.0 = Release|Any CPU
	EndGlobalSection
	GlobalSection(SolutionProperties) = preSolution
		HideSolutionNode = FALSE
	EndGlobalSection
	GlobalSection(ExtensibilityGlobals) = postSolution
		SolutionGuid = {D8F9AAA4-5D83-4EC5-B57A-A3A31CB3C246}
	EndGlobalSection
EndGlobal
